
Microsoft Visual Studio Solution File, Format Version 12.00
# Visual Studio 15
VisualStudioVersion = 15.0.28010.2016
MinimumVisualStudioVersion = 10.0.40219.1
Project("{FAE04EC0-301F-11D3-BF4B-00C04F79EFBC}") = "TweetTail.Android", "TweetTail\TweetTail.Android\TweetTail.Android.csproj", "{8151D31A-05F2-4B2B-95AE-0E878E2BD5F1}"
EndProject
Project("{FAE04EC0-301F-11D3-BF4B-00C04F79EFBC}") = "TweetTail.iOS", "TweetTail\TweetTail.iOS\TweetTail.iOS.csproj", "{8C3ACF29-E704-4667-AAF0-B2EF47DD9521}"
EndProject
Project("{FAE04EC0-301F-11D3-BF4B-00C04F79EFBC}") = "TweetTail.UWP", "TweetTail\TweetTail.UWP\TweetTail.UWP.csproj", "{2244B128-4785-42C0-BBD9-38A5FC60CE9D}"
EndProject
Project("{9A19103F-16F7-4668-BE54-9A1E7A4F7556}") = "TweetTail", "TweetTail\TweetTail\TweetTail.csproj", "{D897F252-18C9-4827-866B-DAFD3B2E0658}"
EndProject
Project("{9A19103F-16F7-4668-BE54-9A1E7A4F7556}") = "Library", "Library\Library.csproj", "{BAB09625-6BEF-4CFE-8BB9-391C93FED371}"
EndProject
Project("{9A19103F-16F7-4668-BE54-9A1E7A4F7556}") = "TwitterLibrary", "TwitterLibrary\TwitterLibrary.csproj", "{4F450EB8-3462-4B52-8031-3F1002939D4B}"
EndProject
Project("{9A19103F-16F7-4668-BE54-9A1E7A4F7556}") = "TwitterInterface", "TwitterInterface\TwitterInterface.csproj", "{1DDB9CA1-3B46-4BCB-B7EC-93D3859A2D26}"
EndProject
Project("{FAE04EC0-301F-11D3-BF4B-00C04F79EFBC}") = "TweetTail.WPF", "TweetTail\TweetTail.WPF\TweetTail.WPF.csproj", "{4BC45858-83C7-4996-BE04-2DB3ACBDA2C5}"
EndProject
Project("{FAE04EC0-301F-11D3-BF4B-00C04F79EFBC}") = "TweetTail.WPF.FFImageLoading", "TweetTail\TweetTail.WPF.FFImageLoading\TweetTail.WPF.FFImageLoading.csproj", "{9873BD65-6909-4A2E-A898-FB5CECDDB32B}"
EndProject
Project("{FAE04EC0-301F-11D3-BF4B-00C04F79EFBC}") = "TweetTail.WPF.FFimageLoading.Platform", "TweetTail\TweetTail.WPF.FFimageLoading.Platform\TweetTail.WPF.FFimageLoading.Platform.csproj", "{FD49636A-8AA5-4489-B222-43C2842E173E}"
EndProject
Global
	GlobalSection(SolutionConfigurationPlatforms) = preSolution
		Ad-Hoc|Any CPU = Ad-Hoc|Any CPU
		Ad-Hoc|ARM = Ad-Hoc|ARM
		Ad-Hoc|iPhone = Ad-Hoc|iPhone
		Ad-Hoc|iPhoneSimulator = Ad-Hoc|iPhoneSimulator
		Ad-Hoc|x64 = Ad-Hoc|x64
		Ad-Hoc|x86 = Ad-Hoc|x86
		AppStore|Any CPU = AppStore|Any CPU
		AppStore|ARM = AppStore|ARM
		AppStore|iPhone = AppStore|iPhone
		AppStore|iPhoneSimulator = AppStore|iPhoneSimulator
		AppStore|x64 = AppStore|x64
		AppStore|x86 = AppStore|x86
		Debug|Any CPU = Debug|Any CPU
		Debug|ARM = Debug|ARM
		Debug|iPhone = Debug|iPhone
		Debug|iPhoneSimulator = Debug|iPhoneSimulator
		Debug|x64 = Debug|x64
		Debug|x86 = Debug|x86
		Release|Any CPU = Release|Any CPU
		Release|ARM = Release|ARM
		Release|iPhone = Release|iPhone
		Release|iPhoneSimulator = Release|iPhoneSimulator
		Release|x64 = Release|x64
		Release|x86 = Release|x86
	EndGlobalSection
	GlobalSection(ProjectConfigurationPlatforms) = postSolution
		{8151D31A-05F2-4B2B-95AE-0E878E2BD5F1}.Ad-Hoc|Any CPU.ActiveCfg = Release|Any CPU
		{8151D31A-05F2-4B2B-95AE-0E878E2BD5F1}.Ad-Hoc|Any CPU.Build.0 = Release|Any CPU
		{8151D31A-05F2-4B2B-95AE-0E878E2BD5F1}.Ad-Hoc|Any CPU.Deploy.0 = Release|Any CPU
		{8151D31A-05F2-4B2B-95AE-0E878E2BD5F1}.Ad-Hoc|ARM.ActiveCfg = Release|Any CPU
		{8151D31A-05F2-4B2B-95AE-0E878E2BD5F1}.Ad-Hoc|ARM.Build.0 = Release|Any CPU
		{8151D31A-05F2-4B2B-95AE-0E878E2BD5F1}.Ad-Hoc|ARM.Deploy.0 = Release|Any CPU
		{8151D31A-05F2-4B2B-95AE-0E878E2BD5F1}.Ad-Hoc|iPhone.ActiveCfg = Release|Any CPU
		{8151D31A-05F2-4B2B-95AE-0E878E2BD5F1}.Ad-Hoc|iPhone.Build.0 = Release|Any CPU
		{8151D31A-05F2-4B2B-95AE-0E878E2BD5F1}.Ad-Hoc|iPhone.Deploy.0 = Release|Any CPU
		{8151D31A-05F2-4B2B-95AE-0E878E2BD5F1}.Ad-Hoc|iPhoneSimulator.ActiveCfg = Release|Any CPU
		{8151D31A-05F2-4B2B-95AE-0E878E2BD5F1}.Ad-Hoc|iPhoneSimulator.Build.0 = Release|Any CPU
		{8151D31A-05F2-4B2B-95AE-0E878E2BD5F1}.Ad-Hoc|iPhoneSimulator.Deploy.0 = Release|Any CPU
		{8151D31A-05F2-4B2B-95AE-0E878E2BD5F1}.Ad-Hoc|x64.ActiveCfg = Release|Any CPU
		{8151D31A-05F2-4B2B-95AE-0E878E2BD5F1}.Ad-Hoc|x64.Build.0 = Release|Any CPU
		{8151D31A-05F2-4B2B-95AE-0E878E2BD5F1}.Ad-Hoc|x64.Deploy.0 = Release|Any CPU
		{8151D31A-05F2-4B2B-95AE-0E878E2BD5F1}.Ad-Hoc|x86.ActiveCfg = Release|Any CPU
		{8151D31A-05F2-4B2B-95AE-0E878E2BD5F1}.Ad-Hoc|x86.Build.0 = Release|Any CPU
		{8151D31A-05F2-4B2B-95AE-0E878E2BD5F1}.Ad-Hoc|x86.Deploy.0 = Release|Any CPU
		{8151D31A-05F2-4B2B-95AE-0E878E2BD5F1}.AppStore|Any CPU.ActiveCfg = Release|Any CPU
		{8151D31A-05F2-4B2B-95AE-0E878E2BD5F1}.AppStore|Any CPU.Build.0 = Release|Any CPU
		{8151D31A-05F2-4B2B-95AE-0E878E2BD5F1}.AppStore|Any CPU.Deploy.0 = Release|Any CPU
		{8151D31A-05F2-4B2B-95AE-0E878E2BD5F1}.AppStore|ARM.ActiveCfg = Release|Any CPU
		{8151D31A-05F2-4B2B-95AE-0E878E2BD5F1}.AppStore|ARM.Build.0 = Release|Any CPU
		{8151D31A-05F2-4B2B-95AE-0E878E2BD5F1}.AppStore|ARM.Deploy.0 = Release|Any CPU
		{8151D31A-05F2-4B2B-95AE-0E878E2BD5F1}.AppStore|iPhone.ActiveCfg = Release|Any CPU
		{8151D31A-05F2-4B2B-95AE-0E878E2BD5F1}.AppStore|iPhone.Build.0 = Release|Any CPU
		{8151D31A-05F2-4B2B-95AE-0E878E2BD5F1}.AppStore|iPhone.Deploy.0 = Release|Any CPU
		{8151D31A-05F2-4B2B-95AE-0E878E2BD5F1}.AppStore|iPhoneSimulator.ActiveCfg = Release|Any CPU
		{8151D31A-05F2-4B2B-95AE-0E878E2BD5F1}.AppStore|iPhoneSimulator.Build.0 = Release|Any CPU
		{8151D31A-05F2-4B2B-95AE-0E878E2BD5F1}.AppStore|iPhoneSimulator.Deploy.0 = Release|Any CPU
		{8151D31A-05F2-4B2B-95AE-0E878E2BD5F1}.AppStore|x64.ActiveCfg = Release|Any CPU
		{8151D31A-05F2-4B2B-95AE-0E878E2BD5F1}.AppStore|x64.Build.0 = Release|Any CPU
		{8151D31A-05F2-4B2B-95AE-0E878E2BD5F1}.AppStore|x64.Deploy.0 = Release|Any CPU
		{8151D31A-05F2-4B2B-95AE-0E878E2BD5F1}.AppStore|x86.ActiveCfg = Release|Any CPU
		{8151D31A-05F2-4B2B-95AE-0E878E2BD5F1}.AppStore|x86.Build.0 = Release|Any CPU
		{8151D31A-05F2-4B2B-95AE-0E878E2BD5F1}.AppStore|x86.Deploy.0 = Release|Any CPU
		{8151D31A-05F2-4B2B-95AE-0E878E2BD5F1}.Debug|Any CPU.ActiveCfg = Debug|Any CPU
		{8151D31A-05F2-4B2B-95AE-0E878E2BD5F1}.Debug|Any CPU.Build.0 = Debug|Any CPU
		{8151D31A-05F2-4B2B-95AE-0E878E2BD5F1}.Debug|Any CPU.Deploy.0 = Debug|Any CPU
		{8151D31A-05F2-4B2B-95AE-0E878E2BD5F1}.Debug|ARM.ActiveCfg = Debug|Any CPU
		{8151D31A-05F2-4B2B-95AE-0E878E2BD5F1}.Debug|ARM.Build.0 = Debug|Any CPU
		{8151D31A-05F2-4B2B-95AE-0E878E2BD5F1}.Debug|ARM.Deploy.0 = Debug|Any CPU
		{8151D31A-05F2-4B2B-95AE-0E878E2BD5F1}.Debug|iPhone.ActiveCfg = Debug|Any CPU
		{8151D31A-05F2-4B2B-95AE-0E878E2BD5F1}.Debug|iPhone.Build.0 = Debug|Any CPU
		{8151D31A-05F2-4B2B-95AE-0E878E2BD5F1}.Debug|iPhone.Deploy.0 = Debug|Any CPU
		{8151D31A-05F2-4B2B-95AE-0E878E2BD5F1}.Debug|iPhoneSimulator.ActiveCfg = Debug|Any CPU
		{8151D31A-05F2-4B2B-95AE-0E878E2BD5F1}.Debug|iPhoneSimulator.Build.0 = Debug|Any CPU
		{8151D31A-05F2-4B2B-95AE-0E878E2BD5F1}.Debug|iPhoneSimulator.Deploy.0 = Debug|Any CPU
		{8151D31A-05F2-4B2B-95AE-0E878E2BD5F1}.Debug|x64.ActiveCfg = Debug|Any CPU
		{8151D31A-05F2-4B2B-95AE-0E878E2BD5F1}.Debug|x64.Build.0 = Debug|Any CPU
		{8151D31A-05F2-4B2B-95AE-0E878E2BD5F1}.Debug|x64.Deploy.0 = Debug|Any CPU
		{8151D31A-05F2-4B2B-95AE-0E878E2BD5F1}.Debug|x86.ActiveCfg = Debug|Any CPU
		{8151D31A-05F2-4B2B-95AE-0E878E2BD5F1}.Debug|x86.Build.0 = Debug|Any CPU
		{8151D31A-05F2-4B2B-95AE-0E878E2BD5F1}.Debug|x86.Deploy.0 = Debug|Any CPU
		{8151D31A-05F2-4B2B-95AE-0E878E2BD5F1}.Release|Any CPU.ActiveCfg = Release|Any CPU
		{8151D31A-05F2-4B2B-95AE-0E878E2BD5F1}.Release|Any CPU.Build.0 = Release|Any CPU
		{8151D31A-05F2-4B2B-95AE-0E878E2BD5F1}.Release|Any CPU.Deploy.0 = Release|Any CPU
		{8151D31A-05F2-4B2B-95AE-0E878E2BD5F1}.Release|ARM.ActiveCfg = Release|Any CPU
		{8151D31A-05F2-4B2B-95AE-0E878E2BD5F1}.Release|ARM.Build.0 = Release|Any CPU
		{8151D31A-05F2-4B2B-95AE-0E878E2BD5F1}.Release|ARM.Deploy.0 = Release|Any CPU
		{8151D31A-05F2-4B2B-95AE-0E878E2BD5F1}.Release|iPhone.ActiveCfg = Release|Any CPU
		{8151D31A-05F2-4B2B-95AE-0E878E2BD5F1}.Release|iPhone.Build.0 = Release|Any CPU
		{8151D31A-05F2-4B2B-95AE-0E878E2BD5F1}.Release|iPhone.Deploy.0 = Release|Any CPU
		{8151D31A-05F2-4B2B-95AE-0E878E2BD5F1}.Release|iPhoneSimulator.ActiveCfg = Release|Any CPU
		{8151D31A-05F2-4B2B-95AE-0E878E2BD5F1}.Release|iPhoneSimulator.Build.0 = Release|Any CPU
		{8151D31A-05F2-4B2B-95AE-0E878E2BD5F1}.Release|iPhoneSimulator.Deploy.0 = Release|Any CPU
		{8151D31A-05F2-4B2B-95AE-0E878E2BD5F1}.Release|x64.ActiveCfg = Release|Any CPU
		{8151D31A-05F2-4B2B-95AE-0E878E2BD5F1}.Release|x64.Build.0 = Release|Any CPU
		{8151D31A-05F2-4B2B-95AE-0E878E2BD5F1}.Release|x64.Deploy.0 = Release|Any CPU
		{8151D31A-05F2-4B2B-95AE-0E878E2BD5F1}.Release|x86.ActiveCfg = Release|Any CPU
		{8151D31A-05F2-4B2B-95AE-0E878E2BD5F1}.Release|x86.Build.0 = Release|Any CPU
		{8151D31A-05F2-4B2B-95AE-0E878E2BD5F1}.Release|x86.Deploy.0 = Release|Any CPU
		{8C3ACF29-E704-4667-AAF0-B2EF47DD9521}.Ad-Hoc|Any CPU.ActiveCfg = Ad-Hoc|iPhone
		{8C3ACF29-E704-4667-AAF0-B2EF47DD9521}.Ad-Hoc|Any CPU.Build.0 = Ad-Hoc|iPhone
		{8C3ACF29-E704-4667-AAF0-B2EF47DD9521}.Ad-Hoc|Any CPU.Deploy.0 = Ad-Hoc|iPhone
		{8C3ACF29-E704-4667-AAF0-B2EF47DD9521}.Ad-Hoc|ARM.ActiveCfg = Ad-Hoc|iPhone
		{8C3ACF29-E704-4667-AAF0-B2EF47DD9521}.Ad-Hoc|ARM.Build.0 = Ad-Hoc|iPhone
		{8C3ACF29-E704-4667-AAF0-B2EF47DD9521}.Ad-Hoc|ARM.Deploy.0 = Ad-Hoc|iPhone
		{8C3ACF29-E704-4667-AAF0-B2EF47DD9521}.Ad-Hoc|iPhone.ActiveCfg = Ad-Hoc|iPhone
		{8C3ACF29-E704-4667-AAF0-B2EF47DD9521}.Ad-Hoc|iPhone.Build.0 = Ad-Hoc|iPhone
		{8C3ACF29-E704-4667-AAF0-B2EF47DD9521}.Ad-Hoc|iPhone.Deploy.0 = Ad-Hoc|iPhone
		{8C3ACF29-E704-4667-AAF0-B2EF47DD9521}.Ad-Hoc|iPhoneSimulator.ActiveCfg = Ad-Hoc|iPhoneSimulator
		{8C3ACF29-E704-4667-AAF0-B2EF47DD9521}.Ad-Hoc|iPhoneSimulator.Build.0 = Ad-Hoc|iPhoneSimulator
		{8C3ACF29-E704-4667-AAF0-B2EF47DD9521}.Ad-Hoc|iPhoneSimulator.Deploy.0 = Ad-Hoc|iPhoneSimulator
		{8C3ACF29-E704-4667-AAF0-B2EF47DD9521}.Ad-Hoc|x64.ActiveCfg = Ad-Hoc|iPhone
		{8C3ACF29-E704-4667-AAF0-B2EF47DD9521}.Ad-Hoc|x64.Build.0 = Ad-Hoc|iPhone
		{8C3ACF29-E704-4667-AAF0-B2EF47DD9521}.Ad-Hoc|x64.Deploy.0 = Ad-Hoc|iPhone
		{8C3ACF29-E704-4667-AAF0-B2EF47DD9521}.Ad-Hoc|x86.ActiveCfg = Ad-Hoc|iPhone
		{8C3ACF29-E704-4667-AAF0-B2EF47DD9521}.Ad-Hoc|x86.Build.0 = Ad-Hoc|iPhone
		{8C3ACF29-E704-4667-AAF0-B2EF47DD9521}.Ad-Hoc|x86.Deploy.0 = Ad-Hoc|iPhone
		{8C3ACF29-E704-4667-AAF0-B2EF47DD9521}.AppStore|Any CPU.ActiveCfg = AppStore|iPhone
		{8C3ACF29-E704-4667-AAF0-B2EF47DD9521}.AppStore|Any CPU.Build.0 = AppStore|iPhone
		{8C3ACF29-E704-4667-AAF0-B2EF47DD9521}.AppStore|Any CPU.Deploy.0 = AppStore|iPhone
		{8C3ACF29-E704-4667-AAF0-B2EF47DD9521}.AppStore|ARM.ActiveCfg = AppStore|iPhone
		{8C3ACF29-E704-4667-AAF0-B2EF47DD9521}.AppStore|ARM.Build.0 = AppStore|iPhone
		{8C3ACF29-E704-4667-AAF0-B2EF47DD9521}.AppStore|ARM.Deploy.0 = AppStore|iPhone
		{8C3ACF29-E704-4667-AAF0-B2EF47DD9521}.AppStore|iPhone.ActiveCfg = AppStore|iPhone
		{8C3ACF29-E704-4667-AAF0-B2EF47DD9521}.AppStore|iPhone.Build.0 = AppStore|iPhone
		{8C3ACF29-E704-4667-AAF0-B2EF47DD9521}.AppStore|iPhone.Deploy.0 = AppStore|iPhone
		{8C3ACF29-E704-4667-AAF0-B2EF47DD9521}.AppStore|iPhoneSimulator.ActiveCfg = AppStore|iPhoneSimulator
		{8C3ACF29-E704-4667-AAF0-B2EF47DD9521}.AppStore|iPhoneSimulator.Build.0 = AppStore|iPhoneSimulator
		{8C3ACF29-E704-4667-AAF0-B2EF47DD9521}.AppStore|iPhoneSimulator.Deploy.0 = AppStore|iPhoneSimulator
		{8C3ACF29-E704-4667-AAF0-B2EF47DD9521}.AppStore|x64.ActiveCfg = AppStore|iPhone
		{8C3ACF29-E704-4667-AAF0-B2EF47DD9521}.AppStore|x64.Build.0 = AppStore|iPhone
		{8C3ACF29-E704-4667-AAF0-B2EF47DD9521}.AppStore|x64.Deploy.0 = AppStore|iPhone
		{8C3ACF29-E704-4667-AAF0-B2EF47DD9521}.AppStore|x86.ActiveCfg = AppStore|iPhone
		{8C3ACF29-E704-4667-AAF0-B2EF47DD9521}.AppStore|x86.Build.0 = AppStore|iPhone
		{8C3ACF29-E704-4667-AAF0-B2EF47DD9521}.AppStore|x86.Deploy.0 = AppStore|iPhone
		{8C3ACF29-E704-4667-AAF0-B2EF47DD9521}.Debug|Any CPU.ActiveCfg = Debug|iPhoneSimulator
		{8C3ACF29-E704-4667-AAF0-B2EF47DD9521}.Debug|Any CPU.Build.0 = Debug|iPhoneSimulator
		{8C3ACF29-E704-4667-AAF0-B2EF47DD9521}.Debug|Any CPU.Deploy.0 = Debug|iPhoneSimulator
		{8C3ACF29-E704-4667-AAF0-B2EF47DD9521}.Debug|ARM.ActiveCfg = Debug|iPhone
		{8C3ACF29-E704-4667-AAF0-B2EF47DD9521}.Debug|ARM.Build.0 = Debug|iPhone
		{8C3ACF29-E704-4667-AAF0-B2EF47DD9521}.Debug|ARM.Deploy.0 = Debug|iPhone
		{8C3ACF29-E704-4667-AAF0-B2EF47DD9521}.Debug|iPhone.ActiveCfg = Debug|iPhone
		{8C3ACF29-E704-4667-AAF0-B2EF47DD9521}.Debug|iPhone.Build.0 = Debug|iPhone
		{8C3ACF29-E704-4667-AAF0-B2EF47DD9521}.Debug|iPhone.Deploy.0 = Debug|iPhone
		{8C3ACF29-E704-4667-AAF0-B2EF47DD9521}.Debug|iPhoneSimulator.ActiveCfg = Debug|iPhoneSimulator
		{8C3ACF29-E704-4667-AAF0-B2EF47DD9521}.Debug|iPhoneSimulator.Build.0 = Debug|iPhoneSimulator
		{8C3ACF29-E704-4667-AAF0-B2EF47DD9521}.Debug|iPhoneSimulator.Deploy.0 = Debug|iPhoneSimulator
		{8C3ACF29-E704-4667-AAF0-B2EF47DD9521}.Debug|x64.ActiveCfg = Debug|iPhone
		{8C3ACF29-E704-4667-AAF0-B2EF47DD9521}.Debug|x64.Build.0 = Debug|iPhone
		{8C3ACF29-E704-4667-AAF0-B2EF47DD9521}.Debug|x64.Deploy.0 = Debug|iPhone
		{8C3ACF29-E704-4667-AAF0-B2EF47DD9521}.Debug|x86.ActiveCfg = Debug|iPhone
		{8C3ACF29-E704-4667-AAF0-B2EF47DD9521}.Debug|x86.Build.0 = Debug|iPhone
		{8C3ACF29-E704-4667-AAF0-B2EF47DD9521}.Debug|x86.Deploy.0 = Debug|iPhone
		{8C3ACF29-E704-4667-AAF0-B2EF47DD9521}.Release|Any CPU.ActiveCfg = Release|iPhone
		{8C3ACF29-E704-4667-AAF0-B2EF47DD9521}.Release|Any CPU.Build.0 = Release|iPhone
		{8C3ACF29-E704-4667-AAF0-B2EF47DD9521}.Release|Any CPU.Deploy.0 = Release|iPhone
		{8C3ACF29-E704-4667-AAF0-B2EF47DD9521}.Release|ARM.ActiveCfg = Release|iPhone
		{8C3ACF29-E704-4667-AAF0-B2EF47DD9521}.Release|ARM.Build.0 = Release|iPhone
		{8C3ACF29-E704-4667-AAF0-B2EF47DD9521}.Release|ARM.Deploy.0 = Release|iPhone
		{8C3ACF29-E704-4667-AAF0-B2EF47DD9521}.Release|iPhone.ActiveCfg = Release|iPhone
		{8C3ACF29-E704-4667-AAF0-B2EF47DD9521}.Release|iPhone.Build.0 = Release|iPhone
		{8C3ACF29-E704-4667-AAF0-B2EF47DD9521}.Release|iPhone.Deploy.0 = Release|iPhone
		{8C3ACF29-E704-4667-AAF0-B2EF47DD9521}.Release|iPhoneSimulator.ActiveCfg = Release|iPhoneSimulator
		{8C3ACF29-E704-4667-AAF0-B2EF47DD9521}.Release|iPhoneSimulator.Build.0 = Release|iPhoneSimulator
		{8C3ACF29-E704-4667-AAF0-B2EF47DD9521}.Release|iPhoneSimulator.Deploy.0 = Release|iPhoneSimulator
		{8C3ACF29-E704-4667-AAF0-B2EF47DD9521}.Release|x64.ActiveCfg = Release|iPhone
		{8C3ACF29-E704-4667-AAF0-B2EF47DD9521}.Release|x64.Build.0 = Release|iPhone
		{8C3ACF29-E704-4667-AAF0-B2EF47DD9521}.Release|x64.Deploy.0 = Release|iPhone
		{8C3ACF29-E704-4667-AAF0-B2EF47DD9521}.Release|x86.ActiveCfg = Release|iPhone
		{8C3ACF29-E704-4667-AAF0-B2EF47DD9521}.Release|x86.Build.0 = Release|iPhone
		{8C3ACF29-E704-4667-AAF0-B2EF47DD9521}.Release|x86.Deploy.0 = Release|iPhone
		{2244B128-4785-42C0-BBD9-38A5FC60CE9D}.Ad-Hoc|Any CPU.ActiveCfg = Release|x86
		{2244B128-4785-42C0-BBD9-38A5FC60CE9D}.Ad-Hoc|Any CPU.Build.0 = Release|x86
		{2244B128-4785-42C0-BBD9-38A5FC60CE9D}.Ad-Hoc|Any CPU.Deploy.0 = Release|x86
		{2244B128-4785-42C0-BBD9-38A5FC60CE9D}.Ad-Hoc|ARM.ActiveCfg = Release|ARM
		{2244B128-4785-42C0-BBD9-38A5FC60CE9D}.Ad-Hoc|ARM.Build.0 = Release|ARM
		{2244B128-4785-42C0-BBD9-38A5FC60CE9D}.Ad-Hoc|ARM.Deploy.0 = Release|ARM
		{2244B128-4785-42C0-BBD9-38A5FC60CE9D}.Ad-Hoc|iPhone.ActiveCfg = Release|x86
		{2244B128-4785-42C0-BBD9-38A5FC60CE9D}.Ad-Hoc|iPhone.Build.0 = Release|x86
		{2244B128-4785-42C0-BBD9-38A5FC60CE9D}.Ad-Hoc|iPhone.Deploy.0 = Release|x86
		{2244B128-4785-42C0-BBD9-38A5FC60CE9D}.Ad-Hoc|iPhoneSimulator.ActiveCfg = Release|x86
		{2244B128-4785-42C0-BBD9-38A5FC60CE9D}.Ad-Hoc|iPhoneSimulator.Build.0 = Release|x86
		{2244B128-4785-42C0-BBD9-38A5FC60CE9D}.Ad-Hoc|iPhoneSimulator.Deploy.0 = Release|x86
		{2244B128-4785-42C0-BBD9-38A5FC60CE9D}.Ad-Hoc|x64.ActiveCfg = Release|x64
		{2244B128-4785-42C0-BBD9-38A5FC60CE9D}.Ad-Hoc|x64.Build.0 = Release|x64
		{2244B128-4785-42C0-BBD9-38A5FC60CE9D}.Ad-Hoc|x64.Deploy.0 = Release|x64
		{2244B128-4785-42C0-BBD9-38A5FC60CE9D}.Ad-Hoc|x86.ActiveCfg = Release|x86
		{2244B128-4785-42C0-BBD9-38A5FC60CE9D}.Ad-Hoc|x86.Build.0 = Release|x86
		{2244B128-4785-42C0-BBD9-38A5FC60CE9D}.Ad-Hoc|x86.Deploy.0 = Release|x86
		{2244B128-4785-42C0-BBD9-38A5FC60CE9D}.AppStore|Any CPU.ActiveCfg = Release|x86
		{2244B128-4785-42C0-BBD9-38A5FC60CE9D}.AppStore|Any CPU.Build.0 = Release|x86
		{2244B128-4785-42C0-BBD9-38A5FC60CE9D}.AppStore|Any CPU.Deploy.0 = Release|x86
		{2244B128-4785-42C0-BBD9-38A5FC60CE9D}.AppStore|ARM.ActiveCfg = Release|ARM
		{2244B128-4785-42C0-BBD9-38A5FC60CE9D}.AppStore|ARM.Build.0 = Release|ARM
		{2244B128-4785-42C0-BBD9-38A5FC60CE9D}.AppStore|ARM.Deploy.0 = Release|ARM
		{2244B128-4785-42C0-BBD9-38A5FC60CE9D}.AppStore|iPhone.ActiveCfg = Release|x86
		{2244B128-4785-42C0-BBD9-38A5FC60CE9D}.AppStore|iPhone.Build.0 = Release|x86
		{2244B128-4785-42C0-BBD9-38A5FC60CE9D}.AppStore|iPhone.Deploy.0 = Release|x86
		{2244B128-4785-42C0-BBD9-38A5FC60CE9D}.AppStore|iPhoneSimulator.ActiveCfg = Release|x86
		{2244B128-4785-42C0-BBD9-38A5FC60CE9D}.AppStore|iPhoneSimulator.Build.0 = Release|x86
		{2244B128-4785-42C0-BBD9-38A5FC60CE9D}.AppStore|iPhoneSimulator.Deploy.0 = Release|x86
		{2244B128-4785-42C0-BBD9-38A5FC60CE9D}.AppStore|x64.ActiveCfg = Release|x64
		{2244B128-4785-42C0-BBD9-38A5FC60CE9D}.AppStore|x64.Build.0 = Release|x64
		{2244B128-4785-42C0-BBD9-38A5FC60CE9D}.AppStore|x64.Deploy.0 = Release|x64
		{2244B128-4785-42C0-BBD9-38A5FC60CE9D}.AppStore|x86.ActiveCfg = Release|x86
		{2244B128-4785-42C0-BBD9-38A5FC60CE9D}.AppStore|x86.Build.0 = Release|x86
		{2244B128-4785-42C0-BBD9-38A5FC60CE9D}.AppStore|x86.Deploy.0 = Release|x86
		{2244B128-4785-42C0-BBD9-38A5FC60CE9D}.Debug|Any CPU.ActiveCfg = Debug|x86
		{2244B128-4785-42C0-BBD9-38A5FC60CE9D}.Debug|Any CPU.Build.0 = Debug|x86
		{2244B128-4785-42C0-BBD9-38A5FC60CE9D}.Debug|Any CPU.Deploy.0 = Debug|x86
		{2244B128-4785-42C0-BBD9-38A5FC60CE9D}.Debug|ARM.ActiveCfg = Debug|ARM
		{2244B128-4785-42C0-BBD9-38A5FC60CE9D}.Debug|ARM.Build.0 = Debug|ARM
		{2244B128-4785-42C0-BBD9-38A5FC60CE9D}.Debug|ARM.Deploy.0 = Debug|ARM
		{2244B128-4785-42C0-BBD9-38A5FC60CE9D}.Debug|iPhone.ActiveCfg = Debug|x86
		{2244B128-4785-42C0-BBD9-38A5FC60CE9D}.Debug|iPhone.Build.0 = Debug|x86
		{2244B128-4785-42C0-BBD9-38A5FC60CE9D}.Debug|iPhone.Deploy.0 = Debug|x86
		{2244B128-4785-42C0-BBD9-38A5FC60CE9D}.Debug|iPhoneSimulator.ActiveCfg = Debug|x86
		{2244B128-4785-42C0-BBD9-38A5FC60CE9D}.Debug|iPhoneSimulator.Build.0 = Debug|x86
		{2244B128-4785-42C0-BBD9-38A5FC60CE9D}.Debug|iPhoneSimulator.Deploy.0 = Debug|x86
		{2244B128-4785-42C0-BBD9-38A5FC60CE9D}.Debug|x64.ActiveCfg = Debug|x64
		{2244B128-4785-42C0-BBD9-38A5FC60CE9D}.Debug|x64.Build.0 = Debug|x64
		{2244B128-4785-42C0-BBD9-38A5FC60CE9D}.Debug|x64.Deploy.0 = Debug|x64
		{2244B128-4785-42C0-BBD9-38A5FC60CE9D}.Debug|x86.ActiveCfg = Debug|x86
		{2244B128-4785-42C0-BBD9-38A5FC60CE9D}.Debug|x86.Build.0 = Debug|x86
		{2244B128-4785-42C0-BBD9-38A5FC60CE9D}.Debug|x86.Deploy.0 = Debug|x86
		{2244B128-4785-42C0-BBD9-38A5FC60CE9D}.Release|Any CPU.ActiveCfg = Release|x86
		{2244B128-4785-42C0-BBD9-38A5FC60CE9D}.Release|Any CPU.Build.0 = Release|x86
		{2244B128-4785-42C0-BBD9-38A5FC60CE9D}.Release|Any CPU.Deploy.0 = Release|x86
		{2244B128-4785-42C0-BBD9-38A5FC60CE9D}.Release|ARM.ActiveCfg = Release|ARM
		{2244B128-4785-42C0-BBD9-38A5FC60CE9D}.Release|ARM.Build.0 = Release|ARM
		{2244B128-4785-42C0-BBD9-38A5FC60CE9D}.Release|ARM.Deploy.0 = Release|ARM
		{2244B128-4785-42C0-BBD9-38A5FC60CE9D}.Release|iPhone.ActiveCfg = Release|x86
		{2244B128-4785-42C0-BBD9-38A5FC60CE9D}.Release|iPhone.Build.0 = Release|x86
		{2244B128-4785-42C0-BBD9-38A5FC60CE9D}.Release|iPhone.Deploy.0 = Release|x86
		{2244B128-4785-42C0-BBD9-38A5FC60CE9D}.Release|iPhoneSimulator.ActiveCfg = Release|x86
		{2244B128-4785-42C0-BBD9-38A5FC60CE9D}.Release|iPhoneSimulator.Build.0 = Release|x86
		{2244B128-4785-42C0-BBD9-38A5FC60CE9D}.Release|iPhoneSimulator.Deploy.0 = Release|x86
		{2244B128-4785-42C0-BBD9-38A5FC60CE9D}.Release|x64.ActiveCfg = Release|x64
		{2244B128-4785-42C0-BBD9-38A5FC60CE9D}.Release|x64.Build.0 = Release|x64
		{2244B128-4785-42C0-BBD9-38A5FC60CE9D}.Release|x64.Deploy.0 = Release|x64
		{2244B128-4785-42C0-BBD9-38A5FC60CE9D}.Release|x86.ActiveCfg = Release|x86
		{2244B128-4785-42C0-BBD9-38A5FC60CE9D}.Release|x86.Build.0 = Release|x86
		{2244B128-4785-42C0-BBD9-38A5FC60CE9D}.Release|x86.Deploy.0 = Release|x86
		{D897F252-18C9-4827-866B-DAFD3B2E0658}.Ad-Hoc|Any CPU.ActiveCfg = Debug|Any CPU
		{D897F252-18C9-4827-866B-DAFD3B2E0658}.Ad-Hoc|Any CPU.Build.0 = Debug|Any CPU
		{D897F252-18C9-4827-866B-DAFD3B2E0658}.Ad-Hoc|Any CPU.Deploy.0 = Debug|Any CPU
		{D897F252-18C9-4827-866B-DAFD3B2E0658}.Ad-Hoc|ARM.ActiveCfg = Debug|Any CPU
		{D897F252-18C9-4827-866B-DAFD3B2E0658}.Ad-Hoc|ARM.Build.0 = Debug|Any CPU
		{D897F252-18C9-4827-866B-DAFD3B2E0658}.Ad-Hoc|ARM.Deploy.0 = Debug|Any CPU
		{D897F252-18C9-4827-866B-DAFD3B2E0658}.Ad-Hoc|iPhone.ActiveCfg = Debug|Any CPU
		{D897F252-18C9-4827-866B-DAFD3B2E0658}.Ad-Hoc|iPhone.Build.0 = Debug|Any CPU
		{D897F252-18C9-4827-866B-DAFD3B2E0658}.Ad-Hoc|iPhone.Deploy.0 = Debug|Any CPU
		{D897F252-18C9-4827-866B-DAFD3B2E0658}.Ad-Hoc|iPhoneSimulator.ActiveCfg = Debug|Any CPU
		{D897F252-18C9-4827-866B-DAFD3B2E0658}.Ad-Hoc|iPhoneSimulator.Build.0 = Debug|Any CPU
		{D897F252-18C9-4827-866B-DAFD3B2E0658}.Ad-Hoc|iPhoneSimulator.Deploy.0 = Debug|Any CPU
		{D897F252-18C9-4827-866B-DAFD3B2E0658}.Ad-Hoc|x64.ActiveCfg = Debug|Any CPU
		{D897F252-18C9-4827-866B-DAFD3B2E0658}.Ad-Hoc|x64.Build.0 = Debug|Any CPU
		{D897F252-18C9-4827-866B-DAFD3B2E0658}.Ad-Hoc|x64.Deploy.0 = Debug|Any CPU
		{D897F252-18C9-4827-866B-DAFD3B2E0658}.Ad-Hoc|x86.ActiveCfg = Debug|Any CPU
		{D897F252-18C9-4827-866B-DAFD3B2E0658}.Ad-Hoc|x86.Build.0 = Debug|Any CPU
		{D897F252-18C9-4827-866B-DAFD3B2E0658}.Ad-Hoc|x86.Deploy.0 = Debug|Any CPU
		{D897F252-18C9-4827-866B-DAFD3B2E0658}.AppStore|Any CPU.ActiveCfg = Debug|Any CPU
		{D897F252-18C9-4827-866B-DAFD3B2E0658}.AppStore|Any CPU.Build.0 = Debug|Any CPU
		{D897F252-18C9-4827-866B-DAFD3B2E0658}.AppStore|Any CPU.Deploy.0 = Debug|Any CPU
		{D897F252-18C9-4827-866B-DAFD3B2E0658}.AppStore|ARM.ActiveCfg = Debug|Any CPU
		{D897F252-18C9-4827-866B-DAFD3B2E0658}.AppStore|ARM.Build.0 = Debug|Any CPU
		{D897F252-18C9-4827-866B-DAFD3B2E0658}.AppStore|ARM.Deploy.0 = Debug|Any CPU
		{D897F252-18C9-4827-866B-DAFD3B2E0658}.AppStore|iPhone.ActiveCfg = Debug|Any CPU
		{D897F252-18C9-4827-866B-DAFD3B2E0658}.AppStore|iPhone.Build.0 = Debug|Any CPU
		{D897F252-18C9-4827-866B-DAFD3B2E0658}.AppStore|iPhone.Deploy.0 = Debug|Any CPU
		{D897F252-18C9-4827-866B-DAFD3B2E0658}.AppStore|iPhoneSimulator.ActiveCfg = Debug|Any CPU
		{D897F252-18C9-4827-866B-DAFD3B2E0658}.AppStore|iPhoneSimulator.Build.0 = Debug|Any CPU
		{D897F252-18C9-4827-866B-DAFD3B2E0658}.AppStore|iPhoneSimulator.Deploy.0 = Debug|Any CPU
		{D897F252-18C9-4827-866B-DAFD3B2E0658}.AppStore|x64.ActiveCfg = Debug|Any CPU
		{D897F252-18C9-4827-866B-DAFD3B2E0658}.AppStore|x64.Build.0 = Debug|Any CPU
		{D897F252-18C9-4827-866B-DAFD3B2E0658}.AppStore|x64.Deploy.0 = Debug|Any CPU
		{D897F252-18C9-4827-866B-DAFD3B2E0658}.AppStore|x86.ActiveCfg = Debug|Any CPU
		{D897F252-18C9-4827-866B-DAFD3B2E0658}.AppStore|x86.Build.0 = Debug|Any CPU
		{D897F252-18C9-4827-866B-DAFD3B2E0658}.AppStore|x86.Deploy.0 = Debug|Any CPU
		{D897F252-18C9-4827-866B-DAFD3B2E0658}.Debug|Any CPU.ActiveCfg = Debug|Any CPU
		{D897F252-18C9-4827-866B-DAFD3B2E0658}.Debug|Any CPU.Build.0 = Debug|Any CPU
		{D897F252-18C9-4827-866B-DAFD3B2E0658}.Debug|Any CPU.Deploy.0 = Debug|Any CPU
		{D897F252-18C9-4827-866B-DAFD3B2E0658}.Debug|ARM.ActiveCfg = Debug|Any CPU
		{D897F252-18C9-4827-866B-DAFD3B2E0658}.Debug|ARM.Build.0 = Debug|Any CPU
		{D897F252-18C9-4827-866B-DAFD3B2E0658}.Debug|ARM.Deploy.0 = Debug|Any CPU
		{D897F252-18C9-4827-866B-DAFD3B2E0658}.Debug|iPhone.ActiveCfg = Debug|Any CPU
		{D897F252-18C9-4827-866B-DAFD3B2E0658}.Debug|iPhone.Build.0 = Debug|Any CPU
		{D897F252-18C9-4827-866B-DAFD3B2E0658}.Debug|iPhone.Deploy.0 = Debug|Any CPU
		{D897F252-18C9-4827-866B-DAFD3B2E0658}.Debug|iPhoneSimulator.ActiveCfg = Debug|Any CPU
		{D897F252-18C9-4827-866B-DAFD3B2E0658}.Debug|iPhoneSimulator.Build.0 = Debug|Any CPU
		{D897F252-18C9-4827-866B-DAFD3B2E0658}.Debug|iPhoneSimulator.Deploy.0 = Debug|Any CPU
		{D897F252-18C9-4827-866B-DAFD3B2E0658}.Debug|x64.ActiveCfg = Debug|Any CPU
		{D897F252-18C9-4827-866B-DAFD3B2E0658}.Debug|x64.Build.0 = Debug|Any CPU
		{D897F252-18C9-4827-866B-DAFD3B2E0658}.Debug|x64.Deploy.0 = Debug|Any CPU
		{D897F252-18C9-4827-866B-DAFD3B2E0658}.Debug|x86.ActiveCfg = Debug|Any CPU
		{D897F252-18C9-4827-866B-DAFD3B2E0658}.Debug|x86.Build.0 = Debug|Any CPU
		{D897F252-18C9-4827-866B-DAFD3B2E0658}.Debug|x86.Deploy.0 = Debug|Any CPU
		{D897F252-18C9-4827-866B-DAFD3B2E0658}.Release|Any CPU.ActiveCfg = Release|Any CPU
		{D897F252-18C9-4827-866B-DAFD3B2E0658}.Release|Any CPU.Build.0 = Release|Any CPU
		{D897F252-18C9-4827-866B-DAFD3B2E0658}.Release|Any CPU.Deploy.0 = Release|Any CPU
		{D897F252-18C9-4827-866B-DAFD3B2E0658}.Release|ARM.ActiveCfg = Release|Any CPU
		{D897F252-18C9-4827-866B-DAFD3B2E0658}.Release|ARM.Build.0 = Release|Any CPU
		{D897F252-18C9-4827-866B-DAFD3B2E0658}.Release|ARM.Deploy.0 = Release|Any CPU
		{D897F252-18C9-4827-866B-DAFD3B2E0658}.Release|iPhone.ActiveCfg = Release|Any CPU
		{D897F252-18C9-4827-866B-DAFD3B2E0658}.Release|iPhone.Build.0 = Release|Any CPU
		{D897F252-18C9-4827-866B-DAFD3B2E0658}.Release|iPhone.Deploy.0 = Release|Any CPU
		{D897F252-18C9-4827-866B-DAFD3B2E0658}.Release|iPhoneSimulator.ActiveCfg = Release|Any CPU
		{D897F252-18C9-4827-866B-DAFD3B2E0658}.Release|iPhoneSimulator.Build.0 = Release|Any CPU
		{D897F252-18C9-4827-866B-DAFD3B2E0658}.Release|iPhoneSimulator.Deploy.0 = Release|Any CPU
		{D897F252-18C9-4827-866B-DAFD3B2E0658}.Release|x64.ActiveCfg = Release|Any CPU
		{D897F252-18C9-4827-866B-DAFD3B2E0658}.Release|x64.Build.0 = Release|Any CPU
		{D897F252-18C9-4827-866B-DAFD3B2E0658}.Release|x64.Deploy.0 = Release|Any CPU
		{D897F252-18C9-4827-866B-DAFD3B2E0658}.Release|x86.ActiveCfg = Release|Any CPU
		{D897F252-18C9-4827-866B-DAFD3B2E0658}.Release|x86.Build.0 = Release|Any CPU
		{D897F252-18C9-4827-866B-DAFD3B2E0658}.Release|x86.Deploy.0 = Release|Any CPU
		{BAB09625-6BEF-4CFE-8BB9-391C93FED371}.Ad-Hoc|Any CPU.ActiveCfg = Debug|Any CPU
		{BAB09625-6BEF-4CFE-8BB9-391C93FED371}.Ad-Hoc|Any CPU.Build.0 = Debug|Any CPU
		{BAB09625-6BEF-4CFE-8BB9-391C93FED371}.Ad-Hoc|ARM.ActiveCfg = Debug|Any CPU
		{BAB09625-6BEF-4CFE-8BB9-391C93FED371}.Ad-Hoc|ARM.Build.0 = Debug|Any CPU
		{BAB09625-6BEF-4CFE-8BB9-391C93FED371}.Ad-Hoc|iPhone.ActiveCfg = Debug|Any CPU
		{BAB09625-6BEF-4CFE-8BB9-391C93FED371}.Ad-Hoc|iPhone.Build.0 = Debug|Any CPU
		{BAB09625-6BEF-4CFE-8BB9-391C93FED371}.Ad-Hoc|iPhoneSimulator.ActiveCfg = Debug|Any CPU
		{BAB09625-6BEF-4CFE-8BB9-391C93FED371}.Ad-Hoc|iPhoneSimulator.Build.0 = Debug|Any CPU
		{BAB09625-6BEF-4CFE-8BB9-391C93FED371}.Ad-Hoc|x64.ActiveCfg = Debug|Any CPU
		{BAB09625-6BEF-4CFE-8BB9-391C93FED371}.Ad-Hoc|x64.Build.0 = Debug|Any CPU
		{BAB09625-6BEF-4CFE-8BB9-391C93FED371}.Ad-Hoc|x86.ActiveCfg = Debug|Any CPU
		{BAB09625-6BEF-4CFE-8BB9-391C93FED371}.Ad-Hoc|x86.Build.0 = Debug|Any CPU
		{BAB09625-6BEF-4CFE-8BB9-391C93FED371}.AppStore|Any CPU.ActiveCfg = Debug|Any CPU
		{BAB09625-6BEF-4CFE-8BB9-391C93FED371}.AppStore|Any CPU.Build.0 = Debug|Any CPU
		{BAB09625-6BEF-4CFE-8BB9-391C93FED371}.AppStore|ARM.ActiveCfg = Debug|Any CPU
		{BAB09625-6BEF-4CFE-8BB9-391C93FED371}.AppStore|ARM.Build.0 = Debug|Any CPU
		{BAB09625-6BEF-4CFE-8BB9-391C93FED371}.AppStore|iPhone.ActiveCfg = Debug|Any CPU
		{BAB09625-6BEF-4CFE-8BB9-391C93FED371}.AppStore|iPhone.Build.0 = Debug|Any CPU
		{BAB09625-6BEF-4CFE-8BB9-391C93FED371}.AppStore|iPhoneSimulator.ActiveCfg = Debug|Any CPU
		{BAB09625-6BEF-4CFE-8BB9-391C93FED371}.AppStore|iPhoneSimulator.Build.0 = Debug|Any CPU
		{BAB09625-6BEF-4CFE-8BB9-391C93FED371}.AppStore|x64.ActiveCfg = Debug|Any CPU
		{BAB09625-6BEF-4CFE-8BB9-391C93FED371}.AppStore|x64.Build.0 = Debug|Any CPU
		{BAB09625-6BEF-4CFE-8BB9-391C93FED371}.AppStore|x86.ActiveCfg = Debug|Any CPU
		{BAB09625-6BEF-4CFE-8BB9-391C93FED371}.AppStore|x86.Build.0 = Debug|Any CPU
		{BAB09625-6BEF-4CFE-8BB9-391C93FED371}.Debug|Any CPU.ActiveCfg = Debug|Any CPU
		{BAB09625-6BEF-4CFE-8BB9-391C93FED371}.Debug|Any CPU.Build.0 = Debug|Any CPU
		{BAB09625-6BEF-4CFE-8BB9-391C93FED371}.Debug|ARM.ActiveCfg = Debug|Any CPU
		{BAB09625-6BEF-4CFE-8BB9-391C93FED371}.Debug|ARM.Build.0 = Debug|Any CPU
		{BAB09625-6BEF-4CFE-8BB9-391C93FED371}.Debug|iPhone.ActiveCfg = Debug|Any CPU
		{BAB09625-6BEF-4CFE-8BB9-391C93FED371}.Debug|iPhone.Build.0 = Debug|Any CPU
		{BAB09625-6BEF-4CFE-8BB9-391C93FED371}.Debug|iPhoneSimulator.ActiveCfg = Debug|Any CPU
		{BAB09625-6BEF-4CFE-8BB9-391C93FED371}.Debug|iPhoneSimulator.Build.0 = Debug|Any CPU
		{BAB09625-6BEF-4CFE-8BB9-391C93FED371}.Debug|x64.ActiveCfg = Debug|Any CPU
		{BAB09625-6BEF-4CFE-8BB9-391C93FED371}.Debug|x64.Build.0 = Debug|Any CPU
		{BAB09625-6BEF-4CFE-8BB9-391C93FED371}.Debug|x86.ActiveCfg = Debug|Any CPU
		{BAB09625-6BEF-4CFE-8BB9-391C93FED371}.Debug|x86.Build.0 = Debug|Any CPU
		{BAB09625-6BEF-4CFE-8BB9-391C93FED371}.Release|Any CPU.ActiveCfg = Release|Any CPU
		{BAB09625-6BEF-4CFE-8BB9-391C93FED371}.Release|Any CPU.Build.0 = Release|Any CPU
		{BAB09625-6BEF-4CFE-8BB9-391C93FED371}.Release|ARM.ActiveCfg = Release|Any CPU
		{BAB09625-6BEF-4CFE-8BB9-391C93FED371}.Release|ARM.Build.0 = Release|Any CPU
		{BAB09625-6BEF-4CFE-8BB9-391C93FED371}.Release|iPhone.ActiveCfg = Release|Any CPU
		{BAB09625-6BEF-4CFE-8BB9-391C93FED371}.Release|iPhone.Build.0 = Release|Any CPU
		{BAB09625-6BEF-4CFE-8BB9-391C93FED371}.Release|iPhoneSimulator.ActiveCfg = Release|Any CPU
		{BAB09625-6BEF-4CFE-8BB9-391C93FED371}.Release|iPhoneSimulator.Build.0 = Release|Any CPU
		{BAB09625-6BEF-4CFE-8BB9-391C93FED371}.Release|x64.ActiveCfg = Release|Any CPU
		{BAB09625-6BEF-4CFE-8BB9-391C93FED371}.Release|x64.Build.0 = Release|Any CPU
		{BAB09625-6BEF-4CFE-8BB9-391C93FED371}.Release|x86.ActiveCfg = Release|Any CPU
		{BAB09625-6BEF-4CFE-8BB9-391C93FED371}.Release|x86.Build.0 = Release|Any CPU
		{4F450EB8-3462-4B52-8031-3F1002939D4B}.Ad-Hoc|Any CPU.ActiveCfg = Debug|Any CPU
		{4F450EB8-3462-4B52-8031-3F1002939D4B}.Ad-Hoc|Any CPU.Build.0 = Debug|Any CPU
		{4F450EB8-3462-4B52-8031-3F1002939D4B}.Ad-Hoc|ARM.ActiveCfg = Debug|Any CPU
		{4F450EB8-3462-4B52-8031-3F1002939D4B}.Ad-Hoc|ARM.Build.0 = Debug|Any CPU
		{4F450EB8-3462-4B52-8031-3F1002939D4B}.Ad-Hoc|iPhone.ActiveCfg = Debug|Any CPU
		{4F450EB8-3462-4B52-8031-3F1002939D4B}.Ad-Hoc|iPhone.Build.0 = Debug|Any CPU
		{4F450EB8-3462-4B52-8031-3F1002939D4B}.Ad-Hoc|iPhoneSimulator.ActiveCfg = Debug|Any CPU
		{4F450EB8-3462-4B52-8031-3F1002939D4B}.Ad-Hoc|iPhoneSimulator.Build.0 = Debug|Any CPU
		{4F450EB8-3462-4B52-8031-3F1002939D4B}.Ad-Hoc|x64.ActiveCfg = Debug|Any CPU
		{4F450EB8-3462-4B52-8031-3F1002939D4B}.Ad-Hoc|x64.Build.0 = Debug|Any CPU
		{4F450EB8-3462-4B52-8031-3F1002939D4B}.Ad-Hoc|x86.ActiveCfg = Debug|Any CPU
		{4F450EB8-3462-4B52-8031-3F1002939D4B}.Ad-Hoc|x86.Build.0 = Debug|Any CPU
		{4F450EB8-3462-4B52-8031-3F1002939D4B}.AppStore|Any CPU.ActiveCfg = Debug|Any CPU
		{4F450EB8-3462-4B52-8031-3F1002939D4B}.AppStore|Any CPU.Build.0 = Debug|Any CPU
		{4F450EB8-3462-4B52-8031-3F1002939D4B}.AppStore|ARM.ActiveCfg = Debug|Any CPU
		{4F450EB8-3462-4B52-8031-3F1002939D4B}.AppStore|ARM.Build.0 = Debug|Any CPU
		{4F450EB8-3462-4B52-8031-3F1002939D4B}.AppStore|iPhone.ActiveCfg = Debug|Any CPU
		{4F450EB8-3462-4B52-8031-3F1002939D4B}.AppStore|iPhone.Build.0 = Debug|Any CPU
		{4F450EB8-3462-4B52-8031-3F1002939D4B}.AppStore|iPhoneSimulator.ActiveCfg = Debug|Any CPU
		{4F450EB8-3462-4B52-8031-3F1002939D4B}.AppStore|iPhoneSimulator.Build.0 = Debug|Any CPU
		{4F450EB8-3462-4B52-8031-3F1002939D4B}.AppStore|x64.ActiveCfg = Debug|Any CPU
		{4F450EB8-3462-4B52-8031-3F1002939D4B}.AppStore|x64.Build.0 = Debug|Any CPU
		{4F450EB8-3462-4B52-8031-3F1002939D4B}.AppStore|x86.ActiveCfg = Debug|Any CPU
		{4F450EB8-3462-4B52-8031-3F1002939D4B}.AppStore|x86.Build.0 = Debug|Any CPU
		{4F450EB8-3462-4B52-8031-3F1002939D4B}.Debug|Any CPU.ActiveCfg = Debug|Any CPU
		{4F450EB8-3462-4B52-8031-3F1002939D4B}.Debug|Any CPU.Build.0 = Debug|Any CPU
		{4F450EB8-3462-4B52-8031-3F1002939D4B}.Debug|ARM.ActiveCfg = Debug|Any CPU
		{4F450EB8-3462-4B52-8031-3F1002939D4B}.Debug|ARM.Build.0 = Debug|Any CPU
		{4F450EB8-3462-4B52-8031-3F1002939D4B}.Debug|iPhone.ActiveCfg = Debug|Any CPU
		{4F450EB8-3462-4B52-8031-3F1002939D4B}.Debug|iPhone.Build.0 = Debug|Any CPU
		{4F450EB8-3462-4B52-8031-3F1002939D4B}.Debug|iPhoneSimulator.ActiveCfg = Debug|Any CPU
		{4F450EB8-3462-4B52-8031-3F1002939D4B}.Debug|iPhoneSimulator.Build.0 = Debug|Any CPU
		{4F450EB8-3462-4B52-8031-3F1002939D4B}.Debug|x64.ActiveCfg = Debug|Any CPU
		{4F450EB8-3462-4B52-8031-3F1002939D4B}.Debug|x64.Build.0 = Debug|Any CPU
		{4F450EB8-3462-4B52-8031-3F1002939D4B}.Debug|x86.ActiveCfg = Debug|Any CPU
		{4F450EB8-3462-4B52-8031-3F1002939D4B}.Debug|x86.Build.0 = Debug|Any CPU
		{4F450EB8-3462-4B52-8031-3F1002939D4B}.Release|Any CPU.ActiveCfg = Release|Any CPU
		{4F450EB8-3462-4B52-8031-3F1002939D4B}.Release|Any CPU.Build.0 = Release|Any CPU
		{4F450EB8-3462-4B52-8031-3F1002939D4B}.Release|ARM.ActiveCfg = Release|Any CPU
		{4F450EB8-3462-4B52-8031-3F1002939D4B}.Release|ARM.Build.0 = Release|Any CPU
		{4F450EB8-3462-4B52-8031-3F1002939D4B}.Release|iPhone.ActiveCfg = Release|Any CPU
		{4F450EB8-3462-4B52-8031-3F1002939D4B}.Release|iPhone.Build.0 = Release|Any CPU
		{4F450EB8-3462-4B52-8031-3F1002939D4B}.Release|iPhoneSimulator.ActiveCfg = Release|Any CPU
		{4F450EB8-3462-4B52-8031-3F1002939D4B}.Release|iPhoneSimulator.Build.0 = Release|Any CPU
		{4F450EB8-3462-4B52-8031-3F1002939D4B}.Release|x64.ActiveCfg = Release|Any CPU
		{4F450EB8-3462-4B52-8031-3F1002939D4B}.Release|x64.Build.0 = Release|Any CPU
		{4F450EB8-3462-4B52-8031-3F1002939D4B}.Release|x86.ActiveCfg = Release|Any CPU
		{4F450EB8-3462-4B52-8031-3F1002939D4B}.Release|x86.Build.0 = Release|Any CPU
		{1DDB9CA1-3B46-4BCB-B7EC-93D3859A2D26}.Ad-Hoc|Any CPU.ActiveCfg = Debug|Any CPU
		{1DDB9CA1-3B46-4BCB-B7EC-93D3859A2D26}.Ad-Hoc|Any CPU.Build.0 = Debug|Any CPU
		{1DDB9CA1-3B46-4BCB-B7EC-93D3859A2D26}.Ad-Hoc|ARM.ActiveCfg = Debug|Any CPU
		{1DDB9CA1-3B46-4BCB-B7EC-93D3859A2D26}.Ad-Hoc|ARM.Build.0 = Debug|Any CPU
		{1DDB9CA1-3B46-4BCB-B7EC-93D3859A2D26}.Ad-Hoc|iPhone.ActiveCfg = Debug|Any CPU
		{1DDB9CA1-3B46-4BCB-B7EC-93D3859A2D26}.Ad-Hoc|iPhone.Build.0 = Debug|Any CPU
		{1DDB9CA1-3B46-4BCB-B7EC-93D3859A2D26}.Ad-Hoc|iPhoneSimulator.ActiveCfg = Debug|Any CPU
		{1DDB9CA1-3B46-4BCB-B7EC-93D3859A2D26}.Ad-Hoc|iPhoneSimulator.Build.0 = Debug|Any CPU
		{1DDB9CA1-3B46-4BCB-B7EC-93D3859A2D26}.Ad-Hoc|x64.ActiveCfg = Debug|Any CPU
		{1DDB9CA1-3B46-4BCB-B7EC-93D3859A2D26}.Ad-Hoc|x64.Build.0 = Debug|Any CPU
		{1DDB9CA1-3B46-4BCB-B7EC-93D3859A2D26}.Ad-Hoc|x86.ActiveCfg = Debug|Any CPU
		{1DDB9CA1-3B46-4BCB-B7EC-93D3859A2D26}.Ad-Hoc|x86.Build.0 = Debug|Any CPU
		{1DDB9CA1-3B46-4BCB-B7EC-93D3859A2D26}.AppStore|Any CPU.ActiveCfg = Debug|Any CPU
		{1DDB9CA1-3B46-4BCB-B7EC-93D3859A2D26}.AppStore|Any CPU.Build.0 = Debug|Any CPU
		{1DDB9CA1-3B46-4BCB-B7EC-93D3859A2D26}.AppStore|ARM.ActiveCfg = Debug|Any CPU
		{1DDB9CA1-3B46-4BCB-B7EC-93D3859A2D26}.AppStore|ARM.Build.0 = Debug|Any CPU
		{1DDB9CA1-3B46-4BCB-B7EC-93D3859A2D26}.AppStore|iPhone.ActiveCfg = Debug|Any CPU
		{1DDB9CA1-3B46-4BCB-B7EC-93D3859A2D26}.AppStore|iPhone.Build.0 = Debug|Any CPU
		{1DDB9CA1-3B46-4BCB-B7EC-93D3859A2D26}.AppStore|iPhoneSimulator.ActiveCfg = Debug|Any CPU
		{1DDB9CA1-3B46-4BCB-B7EC-93D3859A2D26}.AppStore|iPhoneSimulator.Build.0 = Debug|Any CPU
		{1DDB9CA1-3B46-4BCB-B7EC-93D3859A2D26}.AppStore|x64.ActiveCfg = Debug|Any CPU
		{1DDB9CA1-3B46-4BCB-B7EC-93D3859A2D26}.AppStore|x64.Build.0 = Debug|Any CPU
		{1DDB9CA1-3B46-4BCB-B7EC-93D3859A2D26}.AppStore|x86.ActiveCfg = Debug|Any CPU
		{1DDB9CA1-3B46-4BCB-B7EC-93D3859A2D26}.AppStore|x86.Build.0 = Debug|Any CPU
		{1DDB9CA1-3B46-4BCB-B7EC-93D3859A2D26}.Debug|Any CPU.ActiveCfg = Debug|Any CPU
		{1DDB9CA1-3B46-4BCB-B7EC-93D3859A2D26}.Debug|Any CPU.Build.0 = Debug|Any CPU
		{1DDB9CA1-3B46-4BCB-B7EC-93D3859A2D26}.Debug|ARM.ActiveCfg = Debug|Any CPU
		{1DDB9CA1-3B46-4BCB-B7EC-93D3859A2D26}.Debug|ARM.Build.0 = Debug|Any CPU
		{1DDB9CA1-3B46-4BCB-B7EC-93D3859A2D26}.Debug|iPhone.ActiveCfg = Debug|Any CPU
		{1DDB9CA1-3B46-4BCB-B7EC-93D3859A2D26}.Debug|iPhone.Build.0 = Debug|Any CPU
		{1DDB9CA1-3B46-4BCB-B7EC-93D3859A2D26}.Debug|iPhoneSimulator.ActiveCfg = Debug|Any CPU
		{1DDB9CA1-3B46-4BCB-B7EC-93D3859A2D26}.Debug|iPhoneSimulator.Build.0 = Debug|Any CPU
		{1DDB9CA1-3B46-4BCB-B7EC-93D3859A2D26}.Debug|x64.ActiveCfg = Debug|Any CPU
		{1DDB9CA1-3B46-4BCB-B7EC-93D3859A2D26}.Debug|x64.Build.0 = Debug|Any CPU
		{1DDB9CA1-3B46-4BCB-B7EC-93D3859A2D26}.Debug|x86.ActiveCfg = Debug|Any CPU
		{1DDB9CA1-3B46-4BCB-B7EC-93D3859A2D26}.Debug|x86.Build.0 = Debug|Any CPU
		{1DDB9CA1-3B46-4BCB-B7EC-93D3859A2D26}.Release|Any CPU.ActiveCfg = Release|Any CPU
		{1DDB9CA1-3B46-4BCB-B7EC-93D3859A2D26}.Release|Any CPU.Build.0 = Release|Any CPU
		{1DDB9CA1-3B46-4BCB-B7EC-93D3859A2D26}.Release|ARM.ActiveCfg = Release|Any CPU
		{1DDB9CA1-3B46-4BCB-B7EC-93D3859A2D26}.Release|ARM.Build.0 = Release|Any CPU
		{1DDB9CA1-3B46-4BCB-B7EC-93D3859A2D26}.Release|iPhone.ActiveCfg = Release|Any CPU
		{1DDB9CA1-3B46-4BCB-B7EC-93D3859A2D26}.Release|iPhone.Build.0 = Release|Any CPU
		{1DDB9CA1-3B46-4BCB-B7EC-93D3859A2D26}.Release|iPhoneSimulator.ActiveCfg = Release|Any CPU
		{1DDB9CA1-3B46-4BCB-B7EC-93D3859A2D26}.Release|iPhoneSimulator.Build.0 = Release|Any CPU
		{1DDB9CA1-3B46-4BCB-B7EC-93D3859A2D26}.Release|x64.ActiveCfg = Release|Any CPU
		{1DDB9CA1-3B46-4BCB-B7EC-93D3859A2D26}.Release|x64.Build.0 = Release|Any CPU
		{1DDB9CA1-3B46-4BCB-B7EC-93D3859A2D26}.Release|x86.ActiveCfg = Release|Any CPU
		{1DDB9CA1-3B46-4BCB-B7EC-93D3859A2D26}.Release|x86.Build.0 = Release|Any CPU
		{4BC45858-83C7-4996-BE04-2DB3ACBDA2C5}.Ad-Hoc|Any CPU.ActiveCfg = Release|Any CPU
		{4BC45858-83C7-4996-BE04-2DB3ACBDA2C5}.Ad-Hoc|Any CPU.Build.0 = Release|Any CPU
		{4BC45858-83C7-4996-BE04-2DB3ACBDA2C5}.Ad-Hoc|ARM.ActiveCfg = Release|Any CPU
		{4BC45858-83C7-4996-BE04-2DB3ACBDA2C5}.Ad-Hoc|ARM.Build.0 = Release|Any CPU
		{4BC45858-83C7-4996-BE04-2DB3ACBDA2C5}.Ad-Hoc|iPhone.ActiveCfg = Release|Any CPU
		{4BC45858-83C7-4996-BE04-2DB3ACBDA2C5}.Ad-Hoc|iPhone.Build.0 = Release|Any CPU
		{4BC45858-83C7-4996-BE04-2DB3ACBDA2C5}.Ad-Hoc|iPhoneSimulator.ActiveCfg = Release|Any CPU
		{4BC45858-83C7-4996-BE04-2DB3ACBDA2C5}.Ad-Hoc|iPhoneSimulator.Build.0 = Release|Any CPU
		{4BC45858-83C7-4996-BE04-2DB3ACBDA2C5}.Ad-Hoc|x64.ActiveCfg = Release|Any CPU
		{4BC45858-83C7-4996-BE04-2DB3ACBDA2C5}.Ad-Hoc|x64.Build.0 = Release|Any CPU
		{4BC45858-83C7-4996-BE04-2DB3ACBDA2C5}.Ad-Hoc|x86.ActiveCfg = Release|Any CPU
		{4BC45858-83C7-4996-BE04-2DB3ACBDA2C5}.Ad-Hoc|x86.Build.0 = Release|Any CPU
		{4BC45858-83C7-4996-BE04-2DB3ACBDA2C5}.AppStore|Any CPU.ActiveCfg = Release|Any CPU
		{4BC45858-83C7-4996-BE04-2DB3ACBDA2C5}.AppStore|Any CPU.Build.0 = Release|Any CPU
		{4BC45858-83C7-4996-BE04-2DB3ACBDA2C5}.AppStore|ARM.ActiveCfg = Release|Any CPU
		{4BC45858-83C7-4996-BE04-2DB3ACBDA2C5}.AppStore|ARM.Build.0 = Release|Any CPU
		{4BC45858-83C7-4996-BE04-2DB3ACBDA2C5}.AppStore|iPhone.ActiveCfg = Release|Any CPU
		{4BC45858-83C7-4996-BE04-2DB3ACBDA2C5}.AppStore|iPhone.Build.0 = Release|Any CPU
		{4BC45858-83C7-4996-BE04-2DB3ACBDA2C5}.AppStore|iPhoneSimulator.ActiveCfg = Release|Any CPU
		{4BC45858-83C7-4996-BE04-2DB3ACBDA2C5}.AppStore|iPhoneSimulator.Build.0 = Release|Any CPU
		{4BC45858-83C7-4996-BE04-2DB3ACBDA2C5}.AppStore|x64.ActiveCfg = Release|Any CPU
		{4BC45858-83C7-4996-BE04-2DB3ACBDA2C5}.AppStore|x64.Build.0 = Release|Any CPU
		{4BC45858-83C7-4996-BE04-2DB3ACBDA2C5}.AppStore|x86.ActiveCfg = Release|Any CPU
		{4BC45858-83C7-4996-BE04-2DB3ACBDA2C5}.AppStore|x86.Build.0 = Release|Any CPU
		{4BC45858-83C7-4996-BE04-2DB3ACBDA2C5}.Debug|Any CPU.ActiveCfg = Debug|Any CPU
		{4BC45858-83C7-4996-BE04-2DB3ACBDA2C5}.Debug|Any CPU.Build.0 = Debug|Any CPU
		{4BC45858-83C7-4996-BE04-2DB3ACBDA2C5}.Debug|ARM.ActiveCfg = Debug|Any CPU
		{4BC45858-83C7-4996-BE04-2DB3ACBDA2C5}.Debug|ARM.Build.0 = Debug|Any CPU
		{4BC45858-83C7-4996-BE04-2DB3ACBDA2C5}.Debug|iPhone.ActiveCfg = Debug|Any CPU
		{4BC45858-83C7-4996-BE04-2DB3ACBDA2C5}.Debug|iPhone.Build.0 = Debug|Any CPU
		{4BC45858-83C7-4996-BE04-2DB3ACBDA2C5}.Debug|iPhoneSimulator.ActiveCfg = Debug|Any CPU
		{4BC45858-83C7-4996-BE04-2DB3ACBDA2C5}.Debug|iPhoneSimulator.Build.0 = Debug|Any CPU
		{4BC45858-83C7-4996-BE04-2DB3ACBDA2C5}.Debug|x64.ActiveCfg = Debug|Any CPU
		{4BC45858-83C7-4996-BE04-2DB3ACBDA2C5}.Debug|x64.Build.0 = Debug|Any CPU
		{4BC45858-83C7-4996-BE04-2DB3ACBDA2C5}.Debug|x86.ActiveCfg = Debug|Any CPU
		{4BC45858-83C7-4996-BE04-2DB3ACBDA2C5}.Debug|x86.Build.0 = Debug|Any CPU
		{4BC45858-83C7-4996-BE04-2DB3ACBDA2C5}.Release|Any CPU.ActiveCfg = Release|Any CPU
		{4BC45858-83C7-4996-BE04-2DB3ACBDA2C5}.Release|Any CPU.Build.0 = Release|Any CPU
		{4BC45858-83C7-4996-BE04-2DB3ACBDA2C5}.Release|ARM.ActiveCfg = Release|Any CPU
		{4BC45858-83C7-4996-BE04-2DB3ACBDA2C5}.Release|ARM.Build.0 = Release|Any CPU
		{4BC45858-83C7-4996-BE04-2DB3ACBDA2C5}.Release|iPhone.ActiveCfg = Release|Any CPU
		{4BC45858-83C7-4996-BE04-2DB3ACBDA2C5}.Release|iPhone.Build.0 = Release|Any CPU
		{4BC45858-83C7-4996-BE04-2DB3ACBDA2C5}.Release|iPhoneSimulator.ActiveCfg = Release|Any CPU
		{4BC45858-83C7-4996-BE04-2DB3ACBDA2C5}.Release|iPhoneSimulator.Build.0 = Release|Any CPU
		{4BC45858-83C7-4996-BE04-2DB3ACBDA2C5}.Release|x64.ActiveCfg = Release|Any CPU
		{4BC45858-83C7-4996-BE04-2DB3ACBDA2C5}.Release|x64.Build.0 = Release|Any CPU
		{4BC45858-83C7-4996-BE04-2DB3ACBDA2C5}.Release|x86.ActiveCfg = Release|Any CPU
		{4BC45858-83C7-4996-BE04-2DB3ACBDA2C5}.Release|x86.Build.0 = Release|Any CPU
		{9873BD65-6909-4A2E-A898-FB5CECDDB32B}.Ad-Hoc|Any CPU.ActiveCfg = Release|Any CPU
		{9873BD65-6909-4A2E-A898-FB5CECDDB32B}.Ad-Hoc|Any CPU.Build.0 = Release|Any CPU
		{9873BD65-6909-4A2E-A898-FB5CECDDB32B}.Ad-Hoc|ARM.ActiveCfg = Release|Any CPU
		{9873BD65-6909-4A2E-A898-FB5CECDDB32B}.Ad-Hoc|ARM.Build.0 = Release|Any CPU
		{9873BD65-6909-4A2E-A898-FB5CECDDB32B}.Ad-Hoc|iPhone.ActiveCfg = Release|Any CPU
		{9873BD65-6909-4A2E-A898-FB5CECDDB32B}.Ad-Hoc|iPhone.Build.0 = Release|Any CPU
		{9873BD65-6909-4A2E-A898-FB5CECDDB32B}.Ad-Hoc|iPhoneSimulator.ActiveCfg = Release|Any CPU
		{9873BD65-6909-4A2E-A898-FB5CECDDB32B}.Ad-Hoc|iPhoneSimulator.Build.0 = Release|Any CPU
		{9873BD65-6909-4A2E-A898-FB5CECDDB32B}.Ad-Hoc|x64.ActiveCfg = Release|Any CPU
		{9873BD65-6909-4A2E-A898-FB5CECDDB32B}.Ad-Hoc|x64.Build.0 = Release|Any CPU
		{9873BD65-6909-4A2E-A898-FB5CECDDB32B}.Ad-Hoc|x86.ActiveCfg = Release|Any CPU
		{9873BD65-6909-4A2E-A898-FB5CECDDB32B}.Ad-Hoc|x86.Build.0 = Release|Any CPU
		{9873BD65-6909-4A2E-A898-FB5CECDDB32B}.AppStore|Any CPU.ActiveCfg = Release|Any CPU
		{9873BD65-6909-4A2E-A898-FB5CECDDB32B}.AppStore|Any CPU.Build.0 = Release|Any CPU
		{9873BD65-6909-4A2E-A898-FB5CECDDB32B}.AppStore|ARM.ActiveCfg = Release|Any CPU
		{9873BD65-6909-4A2E-A898-FB5CECDDB32B}.AppStore|ARM.Build.0 = Release|Any CPU
		{9873BD65-6909-4A2E-A898-FB5CECDDB32B}.AppStore|iPhone.ActiveCfg = Release|Any CPU
		{9873BD65-6909-4A2E-A898-FB5CECDDB32B}.AppStore|iPhone.Build.0 = Release|Any CPU
		{9873BD65-6909-4A2E-A898-FB5CECDDB32B}.AppStore|iPhoneSimulator.ActiveCfg = Release|Any CPU
		{9873BD65-6909-4A2E-A898-FB5CECDDB32B}.AppStore|iPhoneSimulator.Build.0 = Release|Any CPU
		{9873BD65-6909-4A2E-A898-FB5CECDDB32B}.AppStore|x64.ActiveCfg = Release|Any CPU
		{9873BD65-6909-4A2E-A898-FB5CECDDB32B}.AppStore|x64.Build.0 = Release|Any CPU
		{9873BD65-6909-4A2E-A898-FB5CECDDB32B}.AppStore|x86.ActiveCfg = Release|Any CPU
		{9873BD65-6909-4A2E-A898-FB5CECDDB32B}.AppStore|x86.Build.0 = Release|Any CPU
		{9873BD65-6909-4A2E-A898-FB5CECDDB32B}.Debug|Any CPU.ActiveCfg = Debug|Any CPU
		{9873BD65-6909-4A2E-A898-FB5CECDDB32B}.Debug|Any CPU.Build.0 = Debug|Any CPU
		{9873BD65-6909-4A2E-A898-FB5CECDDB32B}.Debug|ARM.ActiveCfg = Debug|Any CPU
		{9873BD65-6909-4A2E-A898-FB5CECDDB32B}.Debug|ARM.Build.0 = Debug|Any CPU
		{9873BD65-6909-4A2E-A898-FB5CECDDB32B}.Debug|iPhone.ActiveCfg = Debug|Any CPU
		{9873BD65-6909-4A2E-A898-FB5CECDDB32B}.Debug|iPhone.Build.0 = Debug|Any CPU
		{9873BD65-6909-4A2E-A898-FB5CECDDB32B}.Debug|iPhoneSimulator.ActiveCfg = Debug|Any CPU
		{9873BD65-6909-4A2E-A898-FB5CECDDB32B}.Debug|iPhoneSimulator.Build.0 = Debug|Any CPU
		{9873BD65-6909-4A2E-A898-FB5CECDDB32B}.Debug|x64.ActiveCfg = Debug|Any CPU
		{9873BD65-6909-4A2E-A898-FB5CECDDB32B}.Debug|x64.Build.0 = Debug|Any CPU
		{9873BD65-6909-4A2E-A898-FB5CECDDB32B}.Debug|x86.ActiveCfg = Debug|Any CPU
		{9873BD65-6909-4A2E-A898-FB5CECDDB32B}.Debug|x86.Build.0 = Debug|Any CPU
		{9873BD65-6909-4A2E-A898-FB5CECDDB32B}.Release|Any CPU.ActiveCfg = Release|Any CPU
		{9873BD65-6909-4A2E-A898-FB5CECDDB32B}.Release|Any CPU.Build.0 = Release|Any CPU
		{9873BD65-6909-4A2E-A898-FB5CECDDB32B}.Release|ARM.ActiveCfg = Release|Any CPU
		{9873BD65-6909-4A2E-A898-FB5CECDDB32B}.Release|ARM.Build.0 = Release|Any CPU
		{9873BD65-6909-4A2E-A898-FB5CECDDB32B}.Release|iPhone.ActiveCfg = Release|Any CPU
		{9873BD65-6909-4A2E-A898-FB5CECDDB32B}.Release|iPhone.Build.0 = Release|Any CPU
		{9873BD65-6909-4A2E-A898-FB5CECDDB32B}.Release|iPhoneSimulator.ActiveCfg = Release|Any CPU
		{9873BD65-6909-4A2E-A898-FB5CECDDB32B}.Release|iPhoneSimulator.Build.0 = Release|Any CPU
		{9873BD65-6909-4A2E-A898-FB5CECDDB32B}.Release|x64.ActiveCfg = Release|Any CPU
		{9873BD65-6909-4A2E-A898-FB5CECDDB32B}.Release|x64.Build.0 = Release|Any CPU
		{9873BD65-6909-4A2E-A898-FB5CECDDB32B}.Release|x86.ActiveCfg = Release|Any CPU
		{9873BD65-6909-4A2E-A898-FB5CECDDB32B}.Release|x86.Build.0 = Release|Any CPU
		{FD49636A-8AA5-4489-B222-43C2842E173E}.Ad-Hoc|Any CPU.ActiveCfg = Release|Any CPU
		{FD49636A-8AA5-4489-B222-43C2842E173E}.Ad-Hoc|Any CPU.Build.0 = Release|Any CPU
		{FD49636A-8AA5-4489-B222-43C2842E173E}.Ad-Hoc|ARM.ActiveCfg = Release|Any CPU
		{FD49636A-8AA5-4489-B222-43C2842E173E}.Ad-Hoc|ARM.Build.0 = Release|Any CPU
		{FD49636A-8AA5-4489-B222-43C2842E173E}.Ad-Hoc|iPhone.ActiveCfg = Release|Any CPU
		{FD49636A-8AA5-4489-B222-43C2842E173E}.Ad-Hoc|iPhone.Build.0 = Release|Any CPU
		{FD49636A-8AA5-4489-B222-43C2842E173E}.Ad-Hoc|iPhoneSimulator.ActiveCfg = Release|Any CPU
		{FD49636A-8AA5-4489-B222-43C2842E173E}.Ad-Hoc|iPhoneSimulator.Build.0 = Release|Any CPU
		{FD49636A-8AA5-4489-B222-43C2842E173E}.Ad-Hoc|x64.ActiveCfg = Release|Any CPU
		{FD49636A-8AA5-4489-B222-43C2842E173E}.Ad-Hoc|x64.Build.0 = Release|Any CPU
		{FD49636A-8AA5-4489-B222-43C2842E173E}.Ad-Hoc|x86.ActiveCfg = Release|Any CPU
		{FD49636A-8AA5-4489-B222-43C2842E173E}.Ad-Hoc|x86.Build.0 = Release|Any CPU
		{FD49636A-8AA5-4489-B222-43C2842E173E}.AppStore|Any CPU.ActiveCfg = Release|Any CPU
		{FD49636A-8AA5-4489-B222-43C2842E173E}.AppStore|Any CPU.Build.0 = Release|Any CPU
		{FD49636A-8AA5-4489-B222-43C2842E173E}.AppStore|ARM.ActiveCfg = Release|Any CPU
		{FD49636A-8AA5-4489-B222-43C2842E173E}.AppStore|ARM.Build.0 = Release|Any CPU
		{FD49636A-8AA5-4489-B222-43C2842E173E}.AppStore|iPhone.ActiveCfg = Release|Any CPU
		{FD49636A-8AA5-4489-B222-43C2842E173E}.AppStore|iPhone.Build.0 = Release|Any CPU
		{FD49636A-8AA5-4489-B222-43C2842E173E}.AppStore|iPhoneSimulator.ActiveCfg = Release|Any CPU
		{FD49636A-8AA5-4489-B222-43C2842E173E}.AppStore|iPhoneSimulator.Build.0 = Release|Any CPU
		{FD49636A-8AA5-4489-B222-43C2842E173E}.AppStore|x64.ActiveCfg = Release|Any CPU
		{FD49636A-8AA5-4489-B222-43C2842E173E}.AppStore|x64.Build.0 = Release|Any CPU
		{FD49636A-8AA5-4489-B222-43C2842E173E}.AppStore|x86.ActiveCfg = Release|Any CPU
		{FD49636A-8AA5-4489-B222-43C2842E173E}.AppStore|x86.Build.0 = Release|Any CPU
		{FD49636A-8AA5-4489-B222-43C2842E173E}.Debug|Any CPU.ActiveCfg = Debug|Any CPU
		{FD49636A-8AA5-4489-B222-43C2842E173E}.Debug|Any CPU.Build.0 = Debug|Any CPU
		{FD49636A-8AA5-4489-B222-43C2842E173E}.Debug|ARM.ActiveCfg = Debug|Any CPU
		{FD49636A-8AA5-4489-B222-43C2842E173E}.Debug|ARM.Build.0 = Debug|Any CPU
		{FD49636A-8AA5-4489-B222-43C2842E173E}.Debug|iPhone.ActiveCfg = Debug|Any CPU
		{FD49636A-8AA5-4489-B222-43C2842E173E}.Debug|iPhone.Build.0 = Debug|Any CPU
		{FD49636A-8AA5-4489-B222-43C2842E173E}.Debug|iPhoneSimulator.ActiveCfg = Debug|Any CPU
		{FD49636A-8AA5-4489-B222-43C2842E173E}.Debug|iPhoneSimulator.Build.0 = Debug|Any CPU
		{FD49636A-8AA5-4489-B222-43C2842E173E}.Debug|x64.ActiveCfg = Debug|Any CPU
		{FD49636A-8AA5-4489-B222-43C2842E173E}.Debug|x64.Build.0 = Debug|Any CPU
		{FD49636A-8AA5-4489-B222-43C2842E173E}.Debug|x86.ActiveCfg = Debug|Any CPU
		{FD49636A-8AA5-4489-B222-43C2842E173E}.Debug|x86.Build.0 = Debug|Any CPU
		{FD49636A-8AA5-4489-B222-43C2842E173E}.Release|Any CPU.ActiveCfg = Release|Any CPU
		{FD49636A-8AA5-4489-B222-43C2842E173E}.Release|Any CPU.Build.0 = Release|Any CPU
		{FD49636A-8AA5-4489-B222-43C2842E173E}.Release|ARM.ActiveCfg = Release|Any CPU
		{FD49636A-8AA5-4489-B222-43C2842E173E}.Release|ARM.Build.0 = Release|Any CPU
		{FD49636A-8AA5-4489-B222-43C2842E173E}.Release|iPhone.ActiveCfg = Release|Any CPU
		{FD49636A-8AA5-4489-B222-43C2842E173E}.Release|iPhone.Build.0 = Release|Any CPU
		{FD49636A-8AA5-4489-B222-43C2842E173E}.Release|iPhoneSimulator.ActiveCfg = Release|Any CPU
		{FD49636A-8AA5-4489-B222-43C2842E173E}.Release|iPhoneSimulator.Build.0 = Release|Any CPU
		{FD49636A-8AA5-4489-B222-43C2842E173E}.Release|x64.ActiveCfg = Release|Any CPU
		{FD49636A-8AA5-4489-B222-43C2842E173E}.Release|x64.Build.0 = Release|Any CPU
		{FD49636A-8AA5-4489-B222-43C2842E173E}.Release|x86.ActiveCfg = Release|Any CPU
		{FD49636A-8AA5-4489-B222-43C2842E173E}.Release|x86.Build.0 = Release|Any CPU
	EndGlobalSection
	GlobalSection(SolutionProperties) = preSolution
		HideSolutionNode = FALSE
	EndGlobalSection
	GlobalSection(ExtensibilityGlobals) = postSolution
		SolutionGuid = {ABF2E1C9-B204-4CA9-90C9-C0F562C1CD0C}
	EndGlobalSection
EndGlobal
